// !$*UTF8*$!
{
	archiveVersion = 1;
	classes = {
	};
	objectVersion = 55;
	objects = {

/* Begin PBXBuildFile section */
		953C7DA5286C9C3900DCDA48 /* RenderView.m in Sources */ = {isa = PBXBuildFile; fileRef = 953C7DA4286C9C3900DCDA48 /* RenderView.m */; };
		953D2BAA287BC47900D571F1 /* AAPLMathUtilities.m in Sources */ = {isa = PBXBuildFile; fileRef = 953D2BA9287BC47900D571F1 /* AAPLMathUtilities.m */; };
		953D2BAC287C0D9300D571F1 /* stanfordbunny.obj in Resources */ = {isa = PBXBuildFile; fileRef = 953D2BAB287C0D9300D571F1 /* stanfordbunny.obj */; };
		953D2BB0287C121200D571F1 /* ObjParser.cpp in Sources */ = {isa = PBXBuildFile; fileRef = 953D2BAE287C121200D571F1 /* ObjParser.cpp */; };
		953D2BB3287C212D00D571F1 /* RenderPass.m in Sources */ = {isa = PBXBuildFile; fileRef = 953D2BB2287C212D00D571F1 /* RenderPass.m */; };
		953D2BCE287C294900D571F1 /* StanfordRabbitPass.mm in Sources */ = {isa = PBXBuildFile; fileRef = 953D2BCD287C294900D571F1 /* StanfordRabbitPass.mm */; };
		9542864C2869FBB500221E09 /* AppDelegate.m in Sources */ = {isa = PBXBuildFile; fileRef = 9542864B2869FBB500221E09 /* AppDelegate.m */; };
		9542864F2869FBB500221E09 /* SceneDelegate.m in Sources */ = {isa = PBXBuildFile; fileRef = 9542864E2869FBB500221E09 /* SceneDelegate.m */; };
		954286522869FBB500221E09 /* ViewController.m in Sources */ = {isa = PBXBuildFile; fileRef = 954286512869FBB500221E09 /* ViewController.m */; };
		954286552869FBB500221E09 /* Main.storyboard in Resources */ = {isa = PBXBuildFile; fileRef = 954286532869FBB500221E09 /* Main.storyboard */; };
		954286572869FBB600221E09 /* Assets.xcassets in Resources */ = {isa = PBXBuildFile; fileRef = 954286562869FBB600221E09 /* Assets.xcassets */; };
		9542865A2869FBB600221E09 /* LaunchScreen.storyboard in Resources */ = {isa = PBXBuildFile; fileRef = 954286582869FBB600221E09 /* LaunchScreen.storyboard */; };
		9542865D2869FBB600221E09 /* main.m in Sources */ = {isa = PBXBuildFile; fileRef = 9542865C2869FBB600221E09 /* main.m */; };
		954286672869FBB600221E09 /* MetalRenderDemoTests.m in Sources */ = {isa = PBXBuildFile; fileRef = 954286662869FBB600221E09 /* MetalRenderDemoTests.m */; };
		954286712869FBB600221E09 /* MetalRenderDemoUITests.m in Sources */ = {isa = PBXBuildFile; fileRef = 954286702869FBB600221E09 /* MetalRenderDemoUITests.m */; };
		954286732869FBB600221E09 /* MetalRenderDemoUITestsLaunchTests.m in Sources */ = {isa = PBXBuildFile; fileRef = 954286722869FBB600221E09 /* MetalRenderDemoUITestsLaunchTests.m */; };
		954286822869FEA100221E09 /* MTLRenderer.m in Sources */ = {isa = PBXBuildFile; fileRef = 954286812869FEA100221E09 /* MTLRenderer.m */; };
		9550D86E28757D93006D19EE /* 00-apple.png in Resources */ = {isa = PBXBuildFile; fileRef = 9550D86D28757D92006D19EE /* 00-apple.png */; };
		9562C052286B4D05004A6D7C /* triangle.metal in Sources */ = {isa = PBXBuildFile; fileRef = 9562C051286B4D05004A6D7C /* triangle.metal */; };
		9562C056286B5BDD004A6D7C /* MetalKit.framework in Frameworks */ = {isa = PBXBuildFile; fileRef = 9562C055286B5BDD004A6D7C /* MetalKit.framework */; };
		95982358287C61D000445A69 /* Rabbit.metal in Sources */ = {isa = PBXBuildFile; fileRef = 95982357287C61D000445A69 /* Rabbit.metal */; };
		9598235B287C6FFB00445A69 /* Renderer.m in Sources */ = {isa = PBXBuildFile; fileRef = 9598235A287C6FFB00445A69 /* Renderer.m */; };
		95A65AFA286DF6CF002B3F78 /* MTLLayerRenderer.mm in Sources */ = {isa = PBXBuildFile; fileRef = 95A65AF9286DF6CF002B3F78 /* MTLLayerRenderer.mm */; };
/* End PBXBuildFile section */

/* Begin PBXContainerItemProxy section */
		954286632869FBB600221E09 /* PBXContainerItemProxy */ = {
			isa = PBXContainerItemProxy;
			containerPortal = 9542863F2869FBB500221E09 /* Project object */;
			proxyType = 1;
			remoteGlobalIDString = 954286462869FBB500221E09;
			remoteInfo = MetalRenderDemo;
		};
		9542866D2869FBB600221E09 /* PBXContainerItemProxy */ = {
			isa = PBXContainerItemProxy;
			containerPortal = 9542863F2869FBB500221E09 /* Project object */;
			proxyType = 1;
			remoteGlobalIDString = 954286462869FBB500221E09;
			remoteInfo = MetalRenderDemo;
		};
/* End PBXContainerItemProxy section */

/* Begin PBXFileReference section */
		953C7DA3286C9C3900DCDA48 /* RenderView.h */ = {isa = PBXFileReference; lastKnownFileType = sourcecode.c.h; path = RenderView.h; sourceTree = "<group>"; };
		953C7DA4286C9C3900DCDA48 /* RenderView.m */ = {isa = PBXFileReference; lastKnownFileType = sourcecode.c.objc; path = RenderView.m; sourceTree = "<group>"; };
		953D2BA8287BC47900D571F1 /* AAPLMathUtilities.h */ = {isa = PBXFileReference; fileEncoding = 4; lastKnownFileType = sourcecode.c.h; path = AAPLMathUtilities.h; sourceTree = "<group>"; };
		953D2BA9287BC47900D571F1 /* AAPLMathUtilities.m */ = {isa = PBXFileReference; fileEncoding = 4; lastKnownFileType = sourcecode.c.objc; path = AAPLMathUtilities.m; sourceTree = "<group>"; };
		953D2BAB287C0D9300D571F1 /* stanfordbunny.obj */ = {isa = PBXFileReference; fileEncoding = 4; lastKnownFileType = text; path = stanfordbunny.obj; sourceTree = "<group>"; };
		953D2BAE287C121200D571F1 /* ObjParser.cpp */ = {isa = PBXFileReference; lastKnownFileType = sourcecode.cpp.cpp; path = ObjParser.cpp; sourceTree = "<group>"; };
		953D2BAF287C121200D571F1 /* ObjParser.hpp */ = {isa = PBXFileReference; lastKnownFileType = sourcecode.cpp.h; path = ObjParser.hpp; sourceTree = "<group>"; };
		953D2BB1287C212D00D571F1 /* RenderPass.h */ = {isa = PBXFileReference; lastKnownFileType = sourcecode.c.h; path = RenderPass.h; sourceTree = "<group>"; };
		953D2BB2287C212D00D571F1 /* RenderPass.m */ = {isa = PBXFileReference; lastKnownFileType = sourcecode.c.objc; path = RenderPass.m; sourceTree = "<group>"; };
		953D2BCC287C294900D571F1 /* StanfordRabbitPass.h */ = {isa = PBXFileReference; lastKnownFileType = sourcecode.c.h; path = StanfordRabbitPass.h; sourceTree = "<group>"; };
		953D2BCD287C294900D571F1 /* StanfordRabbitPass.mm */ = {isa = PBXFileReference; lastKnownFileType = sourcecode.cpp.objcpp; path = StanfordRabbitPass.mm; sourceTree = "<group>"; };
		954286472869FBB500221E09 /* MetalRenderDemo.app */ = {isa = PBXFileReference; explicitFileType = wrapper.application; includeInIndex = 0; path = MetalRenderDemo.app; sourceTree = BUILT_PRODUCTS_DIR; };
		9542864A2869FBB500221E09 /* AppDelegate.h */ = {isa = PBXFileReference; lastKnownFileType = sourcecode.c.h; path = AppDelegate.h; sourceTree = "<group>"; };
		9542864B2869FBB500221E09 /* AppDelegate.m */ = {isa = PBXFileReference; lastKnownFileType = sourcecode.c.objc; path = AppDelegate.m; sourceTree = "<group>"; };
		9542864D2869FBB500221E09 /* SceneDelegate.h */ = {isa = PBXFileReference; lastKnownFileType = sourcecode.c.h; path = SceneDelegate.h; sourceTree = "<group>"; };
		9542864E2869FBB500221E09 /* SceneDelegate.m */ = {isa = PBXFileReference; lastKnownFileType = sourcecode.c.objc; path = SceneDelegate.m; sourceTree = "<group>"; };
		954286502869FBB500221E09 /* ViewController.h */ = {isa = PBXFileReference; lastKnownFileType = sourcecode.c.h; path = ViewController.h; sourceTree = "<group>"; };
		954286512869FBB500221E09 /* ViewController.m */ = {isa = PBXFileReference; lastKnownFileType = sourcecode.c.objc; path = ViewController.m; sourceTree = "<group>"; };
		954286542869FBB500221E09 /* Base */ = {isa = PBXFileReference; lastKnownFileType = file.storyboard; name = Base; path = Base.lproj/Main.storyboard; sourceTree = "<group>"; };
		954286562869FBB600221E09 /* Assets.xcassets */ = {isa = PBXFileReference; lastKnownFileType = folder.assetcatalog; path = Assets.xcassets; sourceTree = "<group>"; };
		954286592869FBB600221E09 /* Base */ = {isa = PBXFileReference; lastKnownFileType = file.storyboard; name = Base; path = Base.lproj/LaunchScreen.storyboard; sourceTree = "<group>"; };
		9542865B2869FBB600221E09 /* Info.plist */ = {isa = PBXFileReference; lastKnownFileType = text.plist.xml; path = Info.plist; sourceTree = "<group>"; };
		9542865C2869FBB600221E09 /* main.m */ = {isa = PBXFileReference; lastKnownFileType = sourcecode.c.objc; path = main.m; sourceTree = "<group>"; };
		954286622869FBB600221E09 /* MetalRenderDemoTests.xctest */ = {isa = PBXFileReference; explicitFileType = wrapper.cfbundle; includeInIndex = 0; path = MetalRenderDemoTests.xctest; sourceTree = BUILT_PRODUCTS_DIR; };
		954286662869FBB600221E09 /* MetalRenderDemoTests.m */ = {isa = PBXFileReference; lastKnownFileType = sourcecode.c.objc; path = MetalRenderDemoTests.m; sourceTree = "<group>"; };
		9542866C2869FBB600221E09 /* MetalRenderDemoUITests.xctest */ = {isa = PBXFileReference; explicitFileType = wrapper.cfbundle; includeInIndex = 0; path = MetalRenderDemoUITests.xctest; sourceTree = BUILT_PRODUCTS_DIR; };
		954286702869FBB600221E09 /* MetalRenderDemoUITests.m */ = {isa = PBXFileReference; lastKnownFileType = sourcecode.c.objc; path = MetalRenderDemoUITests.m; sourceTree = "<group>"; };
		954286722869FBB600221E09 /* MetalRenderDemoUITestsLaunchTests.m */ = {isa = PBXFileReference; lastKnownFileType = sourcecode.c.objc; path = MetalRenderDemoUITestsLaunchTests.m; sourceTree = "<group>"; };
		954286802869FEA100221E09 /* MTLRenderer.h */ = {isa = PBXFileReference; lastKnownFileType = sourcecode.c.h; path = MTLRenderer.h; sourceTree = "<group>"; };
		954286812869FEA100221E09 /* MTLRenderer.m */ = {isa = PBXFileReference; lastKnownFileType = sourcecode.c.objc; path = MTLRenderer.m; sourceTree = "<group>"; };
		9550D86D28757D92006D19EE /* 00-apple.png */ = {isa = PBXFileReference; lastKnownFileType = image.png; path = "00-apple.png"; sourceTree = "<group>"; };
		9562C051286B4D05004A6D7C /* triangle.metal */ = {isa = PBXFileReference; lastKnownFileType = sourcecode.metal; path = triangle.metal; sourceTree = "<group>"; };
		9562C053286B4D35004A6D7C /* SharedTypes.h */ = {isa = PBXFileReference; lastKnownFileType = sourcecode.c.h; path = SharedTypes.h; sourceTree = "<group>"; };
		9562C055286B5BDD004A6D7C /* MetalKit.framework */ = {isa = PBXFileReference; lastKnownFileType = wrapper.framework; name = MetalKit.framework; path = System/Library/Frameworks/MetalKit.framework; sourceTree = SDKROOT; };
		95982357287C61D000445A69 /* Rabbit.metal */ = {isa = PBXFileReference; lastKnownFileType = sourcecode.metal; path = Rabbit.metal; sourceTree = "<group>"; };
		95982359287C6FFB00445A69 /* Renderer.h */ = {isa = PBXFileReference; lastKnownFileType = sourcecode.c.h; path = Renderer.h; sourceTree = "<group>"; };
		9598235A287C6FFB00445A69 /* Renderer.m */ = {isa = PBXFileReference; lastKnownFileType = sourcecode.c.objc; path = Renderer.m; sourceTree = "<group>"; };
		95A65AF8286DF6CF002B3F78 /* MTLLayerRenderer.h */ = {isa = PBXFileReference; lastKnownFileType = sourcecode.c.h; path = MTLLayerRenderer.h; sourceTree = "<group>"; };
		95A65AF9286DF6CF002B3F78 /* MTLLayerRenderer.mm */ = {isa = PBXFileReference; lastKnownFileType = sourcecode.cpp.objcpp; path = MTLLayerRenderer.mm; sourceTree = "<group>"; };
/* End PBXFileReference section */

/* Begin PBXFrameworksBuildPhase section */
		954286442869FBB500221E09 /* Frameworks */ = {
			isa = PBXFrameworksBuildPhase;
			buildActionMask = 2147483647;
			files = (
				9562C056286B5BDD004A6D7C /* MetalKit.framework in Frameworks */,
			);
			runOnlyForDeploymentPostprocessing = 0;
		};
		9542865F2869FBB600221E09 /* Frameworks */ = {
			isa = PBXFrameworksBuildPhase;
			buildActionMask = 2147483647;
			files = (
			);
			runOnlyForDeploymentPostprocessing = 0;
		};
		954286692869FBB600221E09 /* Frameworks */ = {
			isa = PBXFrameworksBuildPhase;
			buildActionMask = 2147483647;
			files = (
			);
			runOnlyForDeploymentPostprocessing = 0;
		};
/* End PBXFrameworksBuildPhase section */

/* Begin PBXGroup section */
		953C7DA2286C9BC700DCDA48 /* RenderView */ = {
			isa = PBXGroup;
			children = (
				953C7DA3286C9C3900DCDA48 /* RenderView.h */,
				953C7DA4286C9C3900DCDA48 /* RenderView.m */,
			);
			path = RenderView;
			sourceTree = "<group>";
		};
		953D2BA7287BC47900D571F1 /* Matrix */ = {
			isa = PBXGroup;
			children = (
				953D2BA8287BC47900D571F1 /* AAPLMathUtilities.h */,
				953D2BA9287BC47900D571F1 /* AAPLMathUtilities.m */,
			);
			path = Matrix;
			sourceTree = "<group>";
		};
		953D2BAD287C11E300D571F1 /* Utils */ = {
			isa = PBXGroup;
			children = (
				953D2BAE287C121200D571F1 /* ObjParser.cpp */,
				953D2BAF287C121200D571F1 /* ObjParser.hpp */,
			);
			path = Utils;
			sourceTree = "<group>";
		};
		953D2BCB287C290D00D571F1 /* Pass */ = {
			isa = PBXGroup;
			children = (
				95982357287C61D000445A69 /* Rabbit.metal */,
				953D2BCC287C294900D571F1 /* StanfordRabbitPass.h */,
				953D2BCD287C294900D571F1 /* StanfordRabbitPass.mm */,
			);
			path = Pass;
			sourceTree = "<group>";
		};
		9542863E2869FBB500221E09 = {
			isa = PBXGroup;
			children = (
				954286492869FBB500221E09 /* MetalRenderDemo */,
				954286652869FBB600221E09 /* MetalRenderDemoTests */,
				9542866F2869FBB600221E09 /* MetalRenderDemoUITests */,
				954286482869FBB500221E09 /* Products */,
				9562C054286B5BDD004A6D7C /* Frameworks */,
			);
			sourceTree = "<group>";
		};
		954286482869FBB500221E09 /* Products */ = {
			isa = PBXGroup;
			children = (
				954286472869FBB500221E09 /* MetalRenderDemo.app */,
				954286622869FBB600221E09 /* MetalRenderDemoTests.xctest */,
				9542866C2869FBB600221E09 /* MetalRenderDemoUITests.xctest */,
			);
			name = Products;
			sourceTree = "<group>";
		};
		954286492869FBB500221E09 /* MetalRenderDemo */ = {
			isa = PBXGroup;
			children = (
				9542867F2869FE7500221E09 /* Renderer */,
				9542864A2869FBB500221E09 /* AppDelegate.h */,
				953D2BAD287C11E300D571F1 /* Utils */,
				953C7DA2286C9BC700DCDA48 /* RenderView */,
				9542864B2869FBB500221E09 /* AppDelegate.m */,
				9542864D2869FBB500221E09 /* SceneDelegate.h */,
				953D2BA7287BC47900D571F1 /* Matrix */,
				9542864E2869FBB500221E09 /* SceneDelegate.m */,
				954286502869FBB500221E09 /* ViewController.h */,
				954286512869FBB500221E09 /* ViewController.m */,
				954286532869FBB500221E09 /* Main.storyboard */,
				954286562869FBB600221E09 /* Assets.xcassets */,
				954286582869FBB600221E09 /* LaunchScreen.storyboard */,
				9542865B2869FBB600221E09 /* Info.plist */,
				9542865C2869FBB600221E09 /* main.m */,
			);
			path = MetalRenderDemo;
			sourceTree = "<group>";
		};
		954286652869FBB600221E09 /* MetalRenderDemoTests */ = {
			isa = PBXGroup;
			children = (
				954286662869FBB600221E09 /* MetalRenderDemoTests.m */,
			);
			path = MetalRenderDemoTests;
			sourceTree = "<group>";
		};
		9542866F2869FBB600221E09 /* MetalRenderDemoUITests */ = {
			isa = PBXGroup;
			children = (
				954286702869FBB600221E09 /* MetalRenderDemoUITests.m */,
				954286722869FBB600221E09 /* MetalRenderDemoUITestsLaunchTests.m */,
			);
			path = MetalRenderDemoUITests;
			sourceTree = "<group>";
		};
		9542867F2869FE7500221E09 /* Renderer */ = {
			isa = PBXGroup;
			children = (
				9550D86D28757D92006D19EE /* 00-apple.png */,
				953D2BAB287C0D9300D571F1 /* stanfordbunny.obj */,
				953D2BCB287C290D00D571F1 /* Pass */,
				954286802869FEA100221E09 /* MTLRenderer.h */,
				954286812869FEA100221E09 /* MTLRenderer.m */,
				95A65AF8286DF6CF002B3F78 /* MTLLayerRenderer.h */,
				95A65AF9286DF6CF002B3F78 /* MTLLayerRenderer.mm */,
				95982359287C6FFB00445A69 /* Renderer.h */,
				9598235A287C6FFB00445A69 /* Renderer.m */,
				9562C051286B4D05004A6D7C /* triangle.metal */,
				9562C053286B4D35004A6D7C /* SharedTypes.h */,
				953D2BB1287C212D00D571F1 /* RenderPass.h */,
				953D2BB2287C212D00D571F1 /* RenderPass.m */,
			);
			path = Renderer;
			sourceTree = "<group>";
		};
		9562C054286B5BDD004A6D7C /* Frameworks */ = {
			isa = PBXGroup;
			children = (
				9562C055286B5BDD004A6D7C /* MetalKit.framework */,
			);
			name = Frameworks;
			sourceTree = "<group>";
		};
/* End PBXGroup section */

/* Begin PBXNativeTarget section */
		954286462869FBB500221E09 /* MetalRenderDemo */ = {
			isa = PBXNativeTarget;
			buildConfigurationList = 954286762869FBB600221E09 /* Build configuration list for PBXNativeTarget "MetalRenderDemo" */;
			buildPhases = (
				954286432869FBB500221E09 /* Sources */,
				954286442869FBB500221E09 /* Frameworks */,
				954286452869FBB500221E09 /* Resources */,
			);
			buildRules = (
			);
			dependencies = (
			);
			name = MetalRenderDemo;
			productName = MetalRenderDemo;
			productReference = 954286472869FBB500221E09 /* MetalRenderDemo.app */;
			productType = "com.apple.product-type.application";
		};
		954286612869FBB600221E09 /* MetalRenderDemoTests */ = {
			isa = PBXNativeTarget;
			buildConfigurationList = 954286792869FBB600221E09 /* Build configuration list for PBXNativeTarget "MetalRenderDemoTests" */;
			buildPhases = (
				9542865E2869FBB600221E09 /* Sources */,
				9542865F2869FBB600221E09 /* Frameworks */,
				954286602869FBB600221E09 /* Resources */,
			);
			buildRules = (
			);
			dependencies = (
				954286642869FBB600221E09 /* PBXTargetDependency */,
			);
			name = MetalRenderDemoTests;
			productName = MetalRenderDemoTests;
			productReference = 954286622869FBB600221E09 /* MetalRenderDemoTests.xctest */;
			productType = "com.apple.product-type.bundle.unit-test";
		};
		9542866B2869FBB600221E09 /* MetalRenderDemoUITests */ = {
			isa = PBXNativeTarget;
			buildConfigurationList = 9542867C2869FBB600221E09 /* Build configuration list for PBXNativeTarget "MetalRenderDemoUITests" */;
			buildPhases = (
				954286682869FBB600221E09 /* Sources */,
				954286692869FBB600221E09 /* Frameworks */,
				9542866A2869FBB600221E09 /* Resources */,
			);
			buildRules = (
			);
			dependencies = (
				9542866E2869FBB600221E09 /* PBXTargetDependency */,
			);
			name = MetalRenderDemoUITests;
			productName = MetalRenderDemoUITests;
			productReference = 9542866C2869FBB600221E09 /* MetalRenderDemoUITests.xctest */;
			productType = "com.apple.product-type.bundle.ui-testing";
		};
/* End PBXNativeTarget section */

/* Begin PBXProject section */
		9542863F2869FBB500221E09 /* Project object */ = {
			isa = PBXProject;
			attributes = {
				BuildIndependentTargetsInParallel = 1;
				LastUpgradeCheck = 1340;
				TargetAttributes = {
					954286462869FBB500221E09 = {
						CreatedOnToolsVersion = 13.4;
					};
					954286612869FBB600221E09 = {
						CreatedOnToolsVersion = 13.4;
						TestTargetID = 954286462869FBB500221E09;
					};
					9542866B2869FBB600221E09 = {
						CreatedOnToolsVersion = 13.4;
						TestTargetID = 954286462869FBB500221E09;
					};
				};
			};
			buildConfigurationList = 954286422869FBB500221E09 /* Build configuration list for PBXProject "MetalRenderDemo" */;
			compatibilityVersion = "Xcode 13.0";
			developmentRegion = en;
			hasScannedForEncodings = 0;
			knownRegions = (
				en,
				Base,
			);
			mainGroup = 9542863E2869FBB500221E09;
			productRefGroup = 954286482869FBB500221E09 /* Products */;
			projectDirPath = "";
			projectRoot = "";
			targets = (
				954286462869FBB500221E09 /* MetalRenderDemo */,
				954286612869FBB600221E09 /* MetalRenderDemoTests */,
				9542866B2869FBB600221E09 /* MetalRenderDemoUITests */,
			);
		};
/* End PBXProject section */

/* Begin PBXResourcesBuildPhase section */
		954286452869FBB500221E09 /* Resources */ = {
			isa = PBXResourcesBuildPhase;
			buildActionMask = 2147483647;
			files = (
				9542865A2869FBB600221E09 /* LaunchScreen.storyboard in Resources */,
				954286572869FBB600221E09 /* Assets.xcassets in Resources */,
				953D2BAC287C0D9300D571F1 /* stanfordbunny.obj in Resources */,
				9550D86E28757D93006D19EE /* 00-apple.png in Resources */,
				954286552869FBB500221E09 /* Main.storyboard in Resources */,
			);
			runOnlyForDeploymentPostprocessing = 0;
		};
		954286602869FBB600221E09 /* Resources */ = {
			isa = PBXResourcesBuildPhase;
			buildActionMask = 2147483647;
			files = (
			);
			runOnlyForDeploymentPostprocessing = 0;
		};
		9542866A2869FBB600221E09 /* Resources */ = {
			isa = PBXResourcesBuildPhase;
			buildActionMask = 2147483647;
			files = (
			);
			runOnlyForDeploymentPostprocessing = 0;
		};
/* End PBXResourcesBuildPhase section */

/* Begin PBXSourcesBuildPhase section */
		954286432869FBB500221E09 /* Sources */ = {
			isa = PBXSourcesBuildPhase;
			buildActionMask = 2147483647;
			files = (
				954286522869FBB500221E09 /* ViewController.m in Sources */,
				953D2BAA287BC47900D571F1 /* AAPLMathUtilities.m in Sources */,
				9598235B287C6FFB00445A69 /* Renderer.m in Sources */,
				953D2BB0287C121200D571F1 /* ObjParser.cpp in Sources */,
				9542864C2869FBB500221E09 /* AppDelegate.m in Sources */,
				954286822869FEA100221E09 /* MTLRenderer.m in Sources */,
				9562C052286B4D05004A6D7C /* triangle.metal in Sources */,
				953D2BB3287C212D00D571F1 /* RenderPass.m in Sources */,
				95982358287C61D000445A69 /* Rabbit.metal in Sources */,
				953D2BCE287C294900D571F1 /* StanfordRabbitPass.mm in Sources */,
				953C7DA5286C9C3900DCDA48 /* RenderView.m in Sources */,
				9542865D2869FBB600221E09 /* main.m in Sources */,
				95A65AFA286DF6CF002B3F78 /* MTLLayerRenderer.mm in Sources */,
				9542864F2869FBB500221E09 /* SceneDelegate.m in Sources */,
			);
			runOnlyForDeploymentPostprocessing = 0;
		};
		9542865E2869FBB600221E09 /* Sources */ = {
			isa = PBXSourcesBuildPhase;
			buildActionMask = 2147483647;
			files = (
				954286672869FBB600221E09 /* MetalRenderDemoTests.m in Sources */,
			);
			runOnlyForDeploymentPostprocessing = 0;
		};
		954286682869FBB600221E09 /* Sources */ = {
			isa = PBXSourcesBuildPhase;
			buildActionMask = 2147483647;
			files = (
				954286712869FBB600221E09 /* MetalRenderDemoUITests.m in Sources */,
				954286732869FBB600221E09 /* MetalRenderDemoUITestsLaunchTests.m in Sources */,
			);
			runOnlyForDeploymentPostprocessing = 0;
		};
/* End PBXSourcesBuildPhase section */

/* Begin PBXTargetDependency section */
		954286642869FBB600221E09 /* PBXTargetDependency */ = {
			isa = PBXTargetDependency;
			target = 954286462869FBB500221E09 /* MetalRenderDemo */;
			targetProxy = 954286632869FBB600221E09 /* PBXContainerItemProxy */;
		};
		9542866E2869FBB600221E09 /* PBXTargetDependency */ = {
			isa = PBXTargetDependency;
			target = 954286462869FBB500221E09 /* MetalRenderDemo */;
			targetProxy = 9542866D2869FBB600221E09 /* PBXContainerItemProxy */;
		};
/* End PBXTargetDependency section */

/* Begin PBXVariantGroup section */
		954286532869FBB500221E09 /* Main.storyboard */ = {
			isa = PBXVariantGroup;
			children = (
				954286542869FBB500221E09 /* Base */,
			);
			name = Main.storyboard;
			sourceTree = "<group>";
		};
		954286582869FBB600221E09 /* LaunchScreen.storyboard */ = {
			isa = PBXVariantGroup;
			children = (
				954286592869FBB600221E09 /* Base */,
			);
			name = LaunchScreen.storyboard;
			sourceTree = "<group>";
		};
/* End PBXVariantGroup section */

/* Begin XCBuildConfiguration section */
		954286742869FBB600221E09 /* Debug */ = {
			isa = XCBuildConfiguration;
			buildSettings = {
				ALWAYS_SEARCH_USER_PATHS = NO;
				CLANG_ANALYZER_NONNULL = YES;
				CLANG_ANALYZER_NUMBER_OBJECT_CONVERSION = YES_AGGRESSIVE;
				CLANG_CXX_LANGUAGE_STANDARD = "gnu++17";
				CLANG_ENABLE_MODULES = YES;
				CLANG_ENABLE_OBJC_ARC = YES;
				CLANG_ENABLE_OBJC_WEAK = YES;
				CLANG_WARN_BLOCK_CAPTURE_AUTORELEASING = YES;
				CLANG_WARN_BOOL_CONVERSION = YES;
				CLANG_WARN_COMMA = YES;
				CLANG_WARN_CONSTANT_CONVERSION = YES;
				CLANG_WARN_DEPRECATED_OBJC_IMPLEMENTATIONS = YES;
				CLANG_WARN_DIRECT_OBJC_ISA_USAGE = YES_ERROR;
				CLANG_WARN_DOCUMENTATION_COMMENTS = YES;
				CLANG_WARN_EMPTY_BODY = YES;
				CLANG_WARN_ENUM_CONVERSION = YES;
				CLANG_WARN_INFINITE_RECURSION = YES;
				CLANG_WARN_INT_CONVERSION = YES;
				CLANG_WARN_NON_LITERAL_NULL_CONVERSION = YES;
				CLANG_WARN_OBJC_IMPLICIT_RETAIN_SELF = YES;
				CLANG_WARN_OBJC_LITERAL_CONVERSION = YES;
				CLANG_WARN_OBJC_ROOT_CLASS = YES_ERROR;
				CLANG_WARN_QUOTED_INCLUDE_IN_FRAMEWORK_HEADER = YES;
				CLANG_WARN_RANGE_LOOP_ANALYSIS = YES;
				CLANG_WARN_STRICT_PROTOTYPES = YES;
				CLANG_WARN_SUSPICIOUS_MOVE = YES;
				CLANG_WARN_UNGUARDED_AVAILABILITY = YES_AGGRESSIVE;
				CLANG_WARN_UNREACHABLE_CODE = YES;
				CLANG_WARN__DUPLICATE_METHOD_MATCH = YES;
				COPY_PHASE_STRIP = NO;
				DEBUG_INFORMATION_FORMAT = dwarf;
				ENABLE_STRICT_OBJC_MSGSEND = YES;
				ENABLE_TESTABILITY = YES;
				GCC_C_LANGUAGE_STANDARD = gnu11;
				GCC_DYNAMIC_NO_PIC = NO;
				GCC_NO_COMMON_BLOCKS = YES;
				GCC_OPTIMIZATION_LEVEL = 0;
				GCC_PREPROCESSOR_DEFINITIONS = (
					"DEBUG=1",
					"$(inherited)",
				);
				GCC_WARN_64_TO_32_BIT_CONVERSION = YES;
				GCC_WARN_ABOUT_RETURN_TYPE = YES_ERROR;
				GCC_WARN_UNDECLARED_SELECTOR = YES;
				GCC_WARN_UNINITIALIZED_AUTOS = YES_AGGRESSIVE;
				GCC_WARN_UNUSED_FUNCTION = YES;
				GCC_WARN_UNUSED_VARIABLE = YES;
				IPHONEOS_DEPLOYMENT_TARGET = 14.2;
				MTL_ENABLE_DEBUG_INFO = INCLUDE_SOURCE;
				MTL_FAST_MATH = YES;
				ONLY_ACTIVE_ARCH = YES;
				SDKROOT = iphoneos;
			};
			name = Debug;
		};
		954286752869FBB600221E09 /* Release */ = {
			isa = XCBuildConfiguration;
			buildSettings = {
				ALWAYS_SEARCH_USER_PATHS = NO;
				CLANG_ANALYZER_NONNULL = YES;
				CLANG_ANALYZER_NUMBER_OBJECT_CONVERSION = YES_AGGRESSIVE;
				CLANG_CXX_LANGUAGE_STANDARD = "gnu++17";
				CLANG_ENABLE_MODULES = YES;
				CLANG_ENABLE_OBJC_ARC = YES;
				CLANG_ENABLE_OBJC_WEAK = YES;
				CLANG_WARN_BLOCK_CAPTURE_AUTORELEASING = YES;
				CLANG_WARN_BOOL_CONVERSION = YES;
				CLANG_WARN_COMMA = YES;
				CLANG_WARN_CONSTANT_CONVERSION = YES;
				CLANG_WARN_DEPRECATED_OBJC_IMPLEMENTATIONS = YES;
				CLANG_WARN_DIRECT_OBJC_ISA_USAGE = YES_ERROR;
				CLANG_WARN_DOCUMENTATION_COMMENTS = YES;
				CLANG_WARN_EMPTY_BODY = YES;
				CLANG_WARN_ENUM_CONVERSION = YES;
				CLANG_WARN_INFINITE_RECURSION = YES;
				CLANG_WARN_INT_CONVERSION = YES;
				CLANG_WARN_NON_LITERAL_NULL_CONVERSION = YES;
				CLANG_WARN_OBJC_IMPLICIT_RETAIN_SELF = YES;
				CLANG_WARN_OBJC_LITERAL_CONVERSION = YES;
				CLANG_WARN_OBJC_ROOT_CLASS = YES_ERROR;
				CLANG_WARN_QUOTED_INCLUDE_IN_FRAMEWORK_HEADER = YES;
				CLANG_WARN_RANGE_LOOP_ANALYSIS = YES;
				CLANG_WARN_STRICT_PROTOTYPES = YES;
				CLANG_WARN_SUSPICIOUS_MOVE = YES;
				CLANG_WARN_UNGUARDED_AVAILABILITY = YES_AGGRESSIVE;
				CLANG_WARN_UNREACHABLE_CODE = YES;
				CLANG_WARN__DUPLICATE_METHOD_MATCH = YES;
				COPY_PHASE_STRIP = NO;
				DEBUG_INFORMATION_FORMAT = "dwarf-with-dsym";
				ENABLE_NS_ASSERTIONS = NO;
				ENABLE_STRICT_OBJC_MSGSEND = YES;
				GCC_C_LANGUAGE_STANDARD = gnu11;
				GCC_NO_COMMON_BLOCKS = YES;
				GCC_WARN_64_TO_32_BIT_CONVERSION = YES;
				GCC_WARN_ABOUT_RETURN_TYPE = YES_ERROR;
				GCC_WARN_UNDECLARED_SELECTOR = YES;
				GCC_WARN_UNINITIALIZED_AUTOS = YES_AGGRESSIVE;
				GCC_WARN_UNUSED_FUNCTION = YES;
				GCC_WARN_UNUSED_VARIABLE = YES;
				IPHONEOS_DEPLOYMENT_TARGET = 14.2;
				MTL_ENABLE_DEBUG_INFO = NO;
				MTL_FAST_MATH = YES;
				SDKROOT = iphoneos;
				VALIDATE_PRODUCT = YES;
			};
			name = Release;
		};
		954286772869FBB600221E09 /* Debug */ = {
			isa = XCBuildConfiguration;
			buildSettings = {
				ASSETCATALOG_COMPILER_APPICON_NAME = AppIcon;
				ASSETCATALOG_COMPILER_GLOBAL_ACCENT_COLOR_NAME = AccentColor;
				CODE_SIGN_STYLE = Automatic;
				CURRENT_PROJECT_VERSION = 1;
				DEVELOPMENT_TEAM = KHWJX47LP8;
				GENERATE_INFOPLIST_FILE = YES;
				INFOPLIST_FILE = MetalRenderDemo/Info.plist;
				INFOPLIST_KEY_UIApplicationSupportsIndirectInputEvents = YES;
				INFOPLIST_KEY_UILaunchStoryboardName = LaunchScreen;
				INFOPLIST_KEY_UIMainStoryboardFile = Main;
				INFOPLIST_KEY_UISupportedInterfaceOrientations_iPad = "UIInterfaceOrientationPortrait UIInterfaceOrientationPortraitUpsideDown UIInterfaceOrientationLandscapeLeft UIInterfaceOrientationLandscapeRight";
				INFOPLIST_KEY_UISupportedInterfaceOrientations_iPhone = "UIInterfaceOrientationPortrait UIInterfaceOrientationLandscapeLeft UIInterfaceOrientationLandscapeRight";
				LD_RUNPATH_SEARCH_PATHS = (
					"$(inherited)",
					"@executable_path/Frameworks",
				);
				MARKETING_VERSION = 1.0;
				PRODUCT_BUNDLE_IDENTIFIER = zw.test.MetalRenderDemo;
				PRODUCT_NAME = "$(TARGET_NAME)";
				SWIFT_EMIT_LOC_STRINGS = YES;
				TARGETED_DEVICE_FAMILY = "1,2";
			};
			name = Debug;
		};
		954286782869FBB600221E09 /* Release */ = {
			isa = XCBuildConfiguration;
			buildSettings = {
				ASSETCATALOG_COMPILER_APPICON_NAME = AppIcon;
				ASSETCATALOG_COMPILER_GLOBAL_ACCENT_COLOR_NAME = AccentColor;
				CODE_SIGN_STYLE = Automatic;
				CURRENT_PROJECT_VERSION = 1;
				DEVELOPMENT_TEAM = KHWJX47LP8;
				GENERATE_INFOPLIST_FILE = YES;
				INFOPLIST_FILE = MetalRenderDemo/Info.plist;
				INFOPLIST_KEY_UIApplicationSupportsIndirectInputEvents = YES;
				INFOPLIST_KEY_UILaunchStoryboardName = LaunchScreen;
				INFOPLIST_KEY_UIMainStoryboardFile = Main;
				INFOPLIST_KEY_UISupportedInterfaceOrientations_iPad = "UIInterfaceOrientationPortrait UIInterfaceOrientationPortraitUpsideDown UIInterfaceOrientationLandscapeLeft UIInterfaceOrientationLandscapeRight";
				INFOPLIST_KEY_UISupportedInterfaceOrientations_iPhone = "UIInterfaceOrientationPortrait UIInterfaceOrientationLandscapeLeft UIInterfaceOrientationLandscapeRight";
				LD_RUNPATH_SEARCH_PATHS = (
					"$(inherited)",
					"@executable_path/Frameworks",
				);
				MARKETING_VERSION = 1.0;
				PRODUCT_BUNDLE_IDENTIFIER = zw.test.MetalRenderDemo;
				PRODUCT_NAME = "$(TARGET_NAME)";
				SWIFT_EMIT_LOC_STRINGS = YES;
				TARGETED_DEVICE_FAMILY = "1,2";
			};
			name = Release;
		};
		9542867A2869FBB600221E09 /* Debug */ = {
			isa = XCBuildConfiguration;
			buildSettings = {
				BUNDLE_LOADER = "$(TEST_HOST)";
				CODE_SIGN_STYLE = Automatic;
				CURRENT_PROJECT_VERSION = 1;
				GENERATE_INFOPLIST_FILE = YES;
				IPHONEOS_DEPLOYMENT_TARGET = 15.5;
				MARKETING_VERSION = 1.0;
				PRODUCT_BUNDLE_IDENTIFIER = zw.test.MetalRenderDemoTests;
				PRODUCT_NAME = "$(TARGET_NAME)";
				SWIFT_EMIT_LOC_STRINGS = NO;
				TARGETED_DEVICE_FAMILY = "1,2";
				TEST_HOST = "$(BUILT_PRODUCTS_DIR)/MetalRenderDemo.app/MetalRenderDemo";
			};
			name = Debug;
		};
		9542867B2869FBB600221E09 /* Release */ = {
			isa = XCBuildConfiguration;
			buildSettings = {
				BUNDLE_LOADER = "$(TEST_HOST)";
				CODE_SIGN_STYLE = Automatic;
				CURRENT_PROJECT_VERSION = 1;
				GENERATE_INFOPLIST_FILE = YES;
				IPHONEOS_DEPLOYMENT_TARGET = 15.5;
				MARKETING_VERSION = 1.0;
				PRODUCT_BUNDLE_IDENTIFIER = zw.test.MetalRenderDemoTests;
				PRODUCT_NAME = "$(TARGET_NAME)";
				SWIFT_EMIT_LOC_STRINGS = NO;
				TARGETED_DEVICE_FAMILY = "1,2";
				TEST_HOST = "$(BUILT_PRODUCTS_DIR)/MetalRenderDemo.app/MetalRenderDemo";
			};
			name = Release;
		};
		9542867D2869FBB600221E09 /* Debug */ = {
			isa = XCBuildConfiguration;
			buildSettings = {
				CODE_SIGN_STYLE = Automatic;
				CURRENT_PROJECT_VERSION = 1;
				GENERATE_INFOPLIST_FILE = YES;
				MARKETING_VERSION = 1.0;
				PRODUCT_BUNDLE_IDENTIFIER = zw.test.MetalRenderDemoUITests;
				PRODUCT_NAME = "$(TARGET_NAME)";
				SWIFT_EMIT_LOC_STRINGS = NO;
				TARGETED_DEVICE_FAMILY = "1,2";
				TEST_TARGET_NAME = MetalRenderDemo;
			};
			name = Debug;
		};
		9542867E2869FBB600221E09 /* Release */ = {
			isa = XCBuildConfiguration;
			buildSettings = {
				CODE_SIGN_STYLE = Automatic;
				CURRENT_PROJECT_VERSION = 1;
				GENERATE_INFOPLIST_FILE = YES;
				MARKETING_VERSION = 1.0;
				PRODUCT_BUNDLE_IDENTIFIER = zw.test.MetalRenderDemoUITests;
				PRODUCT_NAME = "$(TARGET_NAME)";
				SWIFT_EMIT_LOC_STRINGS = NO;
				TARGETED_DEVICE_FAMILY = "1,2";
				TEST_TARGET_NAME = MetalRenderDemo;
			};
			name = Release;
		};
/* End XCBuildConfiguration section */

/* Begin XCConfigurationList section */
		954286422869FBB500221E09 /* Build configuration list for PBXProject "MetalRenderDemo" */ = {
			isa = XCConfigurationList;
			buildConfigurations = (
				954286742869FBB600221E09 /* Debug */,
				954286752869FBB600221E09 /* Release */,
			);
			defaultConfigurationIsVisible = 0;
			defaultConfigurationName = Release;
		};
		954286762869FBB600221E09 /* Build configuration list for PBXNativeTarget "MetalRenderDemo" */ = {
			isa = XCConfigurationList;
			buildConfigurations = (
				954286772869FBB600221E09 /* Debug */,
				954286782869FBB600221E09 /* Release */,
			);
			defaultConfigurationIsVisible = 0;
			defaultConfigurationName = Release;
		};
		954286792869FBB600221E09 /* Build configuration list for PBXNativeTarget "MetalRenderDemoTests" */ = {
			isa = XCConfigurationList;
			buildConfigurations = (
				9542867A2869FBB600221E09 /* Debug */,
				9542867B2869FBB600221E09 /* Release */,
			);
			defaultConfigurationIsVisible = 0;
			defaultConfigurationName = Release;
		};
		9542867C2869FBB600221E09 /* Build configuration list for PBXNativeTarget "MetalRenderDemoUITests" */ = {
			isa = XCConfigurationList;
			buildConfigurations = (
				9542867D2869FBB600221E09 /* Debug */,
				9542867E2869FBB600221E09 /* Release */,
			);
			defaultConfigurationIsVisible = 0;
			defaultConfigurationName = Release;
		};
/* End XCConfigurationList section */
	};
	rootObject = 9542863F2869FBB500221E09 /* Project object */;
}
